schema: '2.0'
stages:
  generate:
    cmd: python -m verticals.fraud.synthetic.generator
    deps:
    - path: verticals/fraud/synthetic/config.yaml
      hash: md5
      md5: a4687a40b251ff94aa173bfbbe95da99
      size: 1216
    - path: verticals/fraud/synthetic/generator.py
      hash: md5
      md5: 64dccff27b27fe4a64ba921c2952d7e8
      size: 18125
    outs:
    - path: data/fraud/customers.parquet
      hash: md5
      md5: f134845036be994224ec4dc0d7e8b24b
      size: 115621
    - path: data/fraud/data_profile.json
      hash: md5
      md5: 7dc7d520f727940755462700a717872d
      size: 349
    - path: data/fraud/merchants.parquet
      hash: md5
      md5: 81efbc3ba03bb3b6fc84d2c2405ebebb
      size: 9357
    - path: data/fraud/transactions.parquet
      hash: md5
      md5: b4d6d006ef9333152795ef6a4e4594e0
      size: 26056149
  data_validate:
    cmd: python -m verticals.fraud.validation.run_validation --data-dir 
      data/fraud
    deps:
    - path: data/fraud/transactions.parquet
      hash: md5
      md5: b4d6d006ef9333152795ef6a4e4594e0
      size: 26056149
    - path: verticals/fraud/validation/run_validation.py
      hash: md5
      md5: 8a6c88535dbc4b70ce1a46583b431e99
      size: 6266
    outs:
    - path: data/fraud/validation_report.json
      hash: md5
      md5: 5b4aefc8a6cc09bb81b14c4899fdf114
      size: 3024
  feature_engineer:
    cmd: python -m verticals.fraud.features.feature_pipeline
    deps:
    - path: data/fraud/transactions.parquet
      hash: md5
      md5: b4d6d006ef9333152795ef6a4e4594e0
      size: 26056149
    - path: verticals/fraud/features/feature_pipeline.py
      hash: md5
      md5: cb009731a863d80b05003b74c81577dd
      size: 10522
    outs:
    - path: data/fraud/feature_report.json
      hash: md5
      md5: 9f1928d99fd86c9f2fe26c767d558450
      size: 1792
    - path: data/fraud/features.parquet
      hash: md5
      md5: d2e098870095cc3633a9a77412261a7e
      size: 39106726
  baseline_eval:
    cmd: python -m verticals.fraud.training.rules_baseline
    deps:
    - path: data/fraud/features.parquet
      hash: md5
      md5: d2e098870095cc3633a9a77412261a7e
      size: 39106726
    - path: verticals/fraud/training/rules_baseline.py
      hash: md5
      md5: b2e844324992dd8e3be7c843fc636909
      size: 9188
    outs:
    - path: data/fraud/baseline_report.json
      hash: md5
      md5: c34d31532de6242094618ee4d881b005
      size: 1002
  train_mvm:
    cmd: python -m verticals.fraud.training.train_mvm
    deps:
    - path: data/fraud/baseline_report.json
      hash: md5
      md5: c34d31532de6242094618ee4d881b005
      size: 1002
    - path: data/fraud/features.parquet
      hash: md5
      md5: d2e098870095cc3633a9a77412261a7e
      size: 39106726
    - path: verticals/fraud/training/train_mvm.py
      hash: md5
      md5: ee817daf64295022799d86e32129945b
      size: 10136
    outs:
    - path: data/fraud/models/xgb_mvm.ubj
      hash: md5
      md5: b841ed720842b5a670977f231cdd54c6
      size: 1418935
    - path: data/fraud/mvm_report.json
      hash: md5
      md5: 1592607cb89656cdb6c6ad8f07e3733a
      size: 1962
  calibrate_mvm:
    cmd: python -m verticals.fraud.training.calibrate_mvm
    deps:
    - path: data/fraud/features.parquet
      hash: md5
      md5: d2e098870095cc3633a9a77412261a7e
      size: 39106726
    - path: data/fraud/models/xgb_mvm.ubj
      hash: md5
      md5: b841ed720842b5a670977f231cdd54c6
      size: 1418935
    - path: verticals/fraud/training/calibrate_mvm.py
      hash: md5
      md5: 19bfd6d102d756e08044d67de8354475
      size: 12320
    outs:
    - path: data/fraud/calibration_report.json
      hash: md5
      md5: 5a77103074a1dc282b93eaebfadf88cf
      size: 3996
    - path: data/fraud/models/platt_scaler.json
      hash: md5
      md5: a1b581263216aa182139bf0573c89ccc
      size: 59
  walk_forward:
    cmd: python -m verticals.fraud.training.walk_forward
    deps:
    - path: data/fraud/calibration_report.json
      hash: md5
      md5: 5a77103074a1dc282b93eaebfadf88cf
      size: 3996
    - path: data/fraud/features.parquet
      hash: md5
      md5: d2e098870095cc3633a9a77412261a7e
      size: 39106726
    - path: data/fraud/mvm_report.json
      hash: md5
      md5: 1592607cb89656cdb6c6ad8f07e3733a
      size: 1962
    - path: verticals/fraud/training/calibrate_mvm.py
      hash: md5
      md5: 19bfd6d102d756e08044d67de8354475
      size: 12320
    - path: verticals/fraud/training/train_mvm.py
      hash: md5
      md5: ee817daf64295022799d86e32129945b
      size: 10136
    - path: verticals/fraud/training/walk_forward.py
      hash: md5
      md5: cb66d5fced7654bcad5026863fb77f6a
      size: 12780
    outs:
    - path: data/fraud/walkforward_report.json
      hash: md5
      md5: 5140a70b453926b810c9ec9fc1f09945
      size: 6365
