schema: '2.0'
stages:
  generate:
    cmd: python -m verticals.fraud.synthetic.generator
    deps:
    - path: verticals/fraud/synthetic/config.yaml
      hash: md5
      md5: a4687a40b251ff94aa173bfbbe95da99
      size: 1216
    - path: verticals/fraud/synthetic/generator.py
      hash: md5
      md5: 64dccff27b27fe4a64ba921c2952d7e8
      size: 18125
    outs:
    - path: data/fraud/customers.parquet
      hash: md5
      md5: f134845036be994224ec4dc0d7e8b24b
      size: 115621
    - path: data/fraud/data_profile.json
      hash: md5
      md5: 7dc7d520f727940755462700a717872d
      size: 349
    - path: data/fraud/merchants.parquet
      hash: md5
      md5: 81efbc3ba03bb3b6fc84d2c2405ebebb
      size: 9357
    - path: data/fraud/transactions.parquet
      hash: md5
      md5: b4d6d006ef9333152795ef6a4e4594e0
      size: 26056149
  data_validate:
    cmd: python -m verticals.fraud.validation.run_validation --data-dir 
      data/fraud
    deps:
    - path: data/fraud/transactions.parquet
      hash: md5
      md5: b4d6d006ef9333152795ef6a4e4594e0
      size: 26056149
    - path: verticals/fraud/validation/run_validation.py
      hash: md5
      md5: 8a6c88535dbc4b70ce1a46583b431e99
      size: 6266
    outs:
    - path: data/fraud/validation_report.json
      hash: md5
      md5: 5b4aefc8a6cc09bb81b14c4899fdf114
      size: 3024
  feature_engineer:
    cmd: python -m verticals.fraud.features.feature_pipeline
    deps:
    - path: data/fraud/transactions.parquet
      hash: md5
      md5: b4d6d006ef9333152795ef6a4e4594e0
      size: 26056149
    - path: verticals/fraud/features/feature_pipeline.py
      hash: md5
      md5: cb009731a863d80b05003b74c81577dd
      size: 10522
    outs:
    - path: data/fraud/feature_report.json
      hash: md5
      md5: 9f1928d99fd86c9f2fe26c767d558450
      size: 1792
    - path: data/fraud/features.parquet
      hash: md5
      md5: d2e098870095cc3633a9a77412261a7e
      size: 39106726
